
Microsoft Visual Studio Solution File, Format Version 12.00
# Visual Studio Version 17
VisualStudioVersion = 17.12.35527.113
MinimumVisualStudioVersion = 10.0.40219.1
Project("{FAE04EC0-301F-11D3-BF4B-00C04F79EFBC}") = "PZ.DAL", "PZ.DAL\PZ.DAL.csproj", "{2EBFA89A-40DB-4192-A11C-7772EF524FD1}"
EndProject
Project("{FAE04EC0-301F-11D3-BF4B-00C04F79EFBC}") = "PZ.DAL.TEST", "PZ.DAL.TEST\PZ.DAL.TEST.csproj", "{93090A3D-15AD-475C-B842-C4F48B99E211}"
EndProject
Project("{FAE04EC0-301F-11D3-BF4B-00C04F79EFBC}") = "PZ.CCL", "PZ.CCL\PZ.CCL.csproj", "{40783A67-A806-4D43-8180-AE2560C75BB8}"
EndProject
Project("{FAE04EC0-301F-11D3-BF4B-00C04F79EFBC}") = "PZ.BLL", "PZ.BLL\PZ.BLL.csproj", "{BA458730-46DB-4892-A252-5709C04C208C}"
EndProject
Project("{FAE04EC0-301F-11D3-BF4B-00C04F79EFBC}") = "PZ.BLL.TEST", "PZ.BLL.TEST\PZ.BLL.TEST.csproj", "{C8F5E38A-375E-45F2-91DA-9AFD2318FF13}"
EndProject
Global
	GlobalSection(SolutionConfigurationPlatforms) = preSolution
		Debug|Any CPU = Debug|Any CPU
		Release|Any CPU = Release|Any CPU
	EndGlobalSection
	GlobalSection(ProjectConfigurationPlatforms) = postSolution
		{2EBFA89A-40DB-4192-A11C-7772EF524FD1}.Debug|Any CPU.ActiveCfg = Debug|Any CPU
		{2EBFA89A-40DB-4192-A11C-7772EF524FD1}.Debug|Any CPU.Build.0 = Debug|Any CPU
		{2EBFA89A-40DB-4192-A11C-7772EF524FD1}.Release|Any CPU.ActiveCfg = Release|Any CPU
		{2EBFA89A-40DB-4192-A11C-7772EF524FD1}.Release|Any CPU.Build.0 = Release|Any CPU
		{93090A3D-15AD-475C-B842-C4F48B99E211}.Debug|Any CPU.ActiveCfg = Debug|Any CPU
		{93090A3D-15AD-475C-B842-C4F48B99E211}.Debug|Any CPU.Build.0 = Debug|Any CPU
		{93090A3D-15AD-475C-B842-C4F48B99E211}.Release|Any CPU.ActiveCfg = Release|Any CPU
		{93090A3D-15AD-475C-B842-C4F48B99E211}.Release|Any CPU.Build.0 = Release|Any CPU
		{40783A67-A806-4D43-8180-AE2560C75BB8}.Debug|Any CPU.ActiveCfg = Debug|Any CPU
		{40783A67-A806-4D43-8180-AE2560C75BB8}.Debug|Any CPU.Build.0 = Debug|Any CPU
		{40783A67-A806-4D43-8180-AE2560C75BB8}.Release|Any CPU.ActiveCfg = Release|Any CPU
		{40783A67-A806-4D43-8180-AE2560C75BB8}.Release|Any CPU.Build.0 = Release|Any CPU
		{BA458730-46DB-4892-A252-5709C04C208C}.Debug|Any CPU.ActiveCfg = Debug|Any CPU
		{BA458730-46DB-4892-A252-5709C04C208C}.Debug|Any CPU.Build.0 = Debug|Any CPU
		{BA458730-46DB-4892-A252-5709C04C208C}.Release|Any CPU.ActiveCfg = Release|Any CPU
		{BA458730-46DB-4892-A252-5709C04C208C}.Release|Any CPU.Build.0 = Release|Any CPU
		{C8F5E38A-375E-45F2-91DA-9AFD2318FF13}.Debug|Any CPU.ActiveCfg = Debug|Any CPU
		{C8F5E38A-375E-45F2-91DA-9AFD2318FF13}.Debug|Any CPU.Build.0 = Debug|Any CPU
		{C8F5E38A-375E-45F2-91DA-9AFD2318FF13}.Release|Any CPU.ActiveCfg = Release|Any CPU
		{C8F5E38A-375E-45F2-91DA-9AFD2318FF13}.Release|Any CPU.Build.0 = Release|Any CPU
	EndGlobalSection
	GlobalSection(SolutionProperties) = preSolution
		HideSolutionNode = FALSE
	EndGlobalSection
EndGlobal
